{
  "name": "odata-abnf",
  "version": "0.0.0",
  "lockfileVersion": 1,
  "requires": true,
  "dependencies": {
    "apg-js": {
      "version": "4.1.1",
      "resolved": "https://registry.npmjs.org/apg-js/-/apg-js-4.1.1.tgz",
      "integrity": "sha512-DwTfzx1YuCrnEvywiU/AYKiX8Y6JzhY8PwaM9syh54zzBPaHzonN7c4YsAspC6YcdSu/jfBXBJ1S9hj1QsiePA=="
    },
    "colors": {
      "version": "1.4.0",
      "resolved": "https://registry.npmjs.org/colors/-/colors-1.4.0.tgz",
      "integrity": "sha512-a+UqTh4kgZg/SlGvfbzDHpgRu7AAQOmmqRHJnxhRZICKFUT91brVhNNt58CMWU9PsBbv3PDCZUHbVxuDiH2mtA=="
    },
    "yaml": {
      "version": "1.10.2",
      "resolved": "https://registry.npmjs.org/yaml/-/yaml-1.10.2.tgz",
      "integrity": "sha512-r3vXyErRCYJ7wg28yvBY5VSoAF8ZvlcW9/BwUzEtUsjvX/DKs24dIkuwjtuprwJJHsbyUbLApepYTR1BN4uHrg=="
    }
  }
}
